{
  "version": 4,
  "terraform_version": "1.10.2",
  "serial": 109,
  "lineage": "8bdd32b9-ce1a-493c-0935-02a652f63a76",
  "outputs": {},
  "resources": [
    {
      "mode": "managed",
      "type": "null_resource",
      "name": "install_nginx",
      "provider": "provider[\"registry.terraform.io/hashicorp/null\"]",
      "instances": [
        {
          "schema_version": 0,
          "attributes": {
            "id": "3637386913768190547",
            "triggers": null
          },
          "sensitive_attributes": [],
          "dependencies": [
            "scaleway_instance_ip.public_ip"
          ]
        }
      ]
    },
    {
      "mode": "managed",
      "type": "scaleway_instance_ip",
      "name": "public_ip",
      "provider": "provider[\"registry.terraform.io/scaleway/scaleway\"]",
      "instances": [
        {
          "schema_version": 0,
          "attributes": {
            "address": "51.158.173.14",
            "id": "nl-ams-1/4ff0bab2-4327-4271-bcdf-eee45e8fade2",
            "organization_id": "b531d4ac-5cf0-42c2-b361-8d17b5c6de49",
            "prefix": "51.158.173.14/32",
            "project_id": "432b9225-791b-449f-ad8f-dfbd99353d36",
            "reverse": "",
            "server_id": "",
            "tags": null,
            "timeouts": null,
            "type": "routed_ipv4",
            "zone": "nl-ams-1"
          },
          "sensitive_attributes": [],
          "private": "eyJlMmJmYjczMC1lY2FhLTExZTYtOGY4OC0zNDM2M2JjN2M0YzAiOnsiY3JlYXRlIjo2MDAwMDAwMDAwMCwiZGVmYXVsdCI6NjAwMDAwMDAwMDAsImRlbGV0ZSI6NjAwMDAwMDAwMDAsInJlYWQiOjYwMDAwMDAwMDAwLCJ1cGRhdGUiOjYwMDAwMDAwMDAwfX0="
        }
      ]
    },
    {
      "mode": "managed",
      "type": "scaleway_instance_server",
      "name": "my-instance",
      "provider": "provider[\"registry.terraform.io/scaleway/scaleway\"]",
      "instances": [
        {
          "schema_version": 0,
          "attributes": {
            "additional_volume_ids": null,
            "boot_type": "local",
            "bootscript_id": null,
            "cloud_init": null,
            "enable_dynamic_ip": false,
            "enable_ipv6": false,
            "id": "nl-ams-1/a0616dec-be2f-40b7-8ebc-fb0e727122cb",
            "image": "debian_bookworm",
            "ip_id": "nl-ams-1/4ff0bab2-4327-4271-bcdf-eee45e8fade2",
            "ip_ids": null,
            "ipv6_address": "",
            "ipv6_gateway": "",
            "ipv6_prefix_length": 0,
            "name": "tf-srv-nervous-blackburn",
            "organization_id": "b531d4ac-5cf0-42c2-b361-8d17b5c6de49",
            "placement_group_id": null,
            "placement_group_policy_respected": null,
            "private_ip": null,
            "private_network": [],
            "project_id": "432b9225-791b-449f-ad8f-dfbd99353d36",
            "public_ip": "51.158.173.14",
            "public_ips": [
              {
                "address": "51.158.173.14",
                "id": "nl-ams-1/4ff0bab2-4327-4271-bcdf-eee45e8fade2"
              }
            ],
            "replace_on_type_change": false,
            "root_volume": [
              {
                "boot": false,
                "delete_on_termination": true,
                "name": "Debian Bookworm",
                "sbs_iops": 0,
                "size_in_gb": 10,
                "volume_id": "nl-ams-1/a3145b4a-4314-4d3b-9ffa-801a9cd3be0f",
                "volume_type": "l_ssd"
              }
            ],
            "routed_ip_enabled": true,
            "security_group_id": "nl-ams-1/69be018c-8f2c-479b-82d9-61a63474fb6a",
            "state": "started",
            "tags": [
              "terraform project",
              "my-instance"
            ],
            "timeouts": null,
            "type": "STARDUST1-S",
            "user_data": {},
            "zone": "nl-ams-1"
          },
          "sensitive_attributes": [],
          "private": "eyJlMmJmYjczMC1lY2FhLTExZTYtOGY4OC0zNDM2M2JjN2M0YzAiOnsiY3JlYXRlIjo2MDAwMDAwMDAwMDAsImRlZmF1bHQiOjYwMDAwMDAwMDAwMCwiZGVsZXRlIjo2MDAwMDAwMDAwMDAsInJlYWQiOjYwMDAwMDAwMDAwMCwidXBkYXRlIjo2MDAwMDAwMDAwMDB9fQ==",
          "dependencies": [
            "scaleway_instance_ip.public_ip"
          ]
        }
      ]
    },
    {
      "mode": "managed",
      "type": "scaleway_instance_volume",
      "name": "data",
      "provider": "provider[\"registry.terraform.io/scaleway/scaleway\"]",
      "instances": [
        {
          "schema_version": 0,
          "attributes": {
            "from_snapshot_id": null,
            "id": "nl-ams-1/79eb00b4-f828-4886-a3a6-67f76e6a652f",
            "name": "tf-vol-suspicious-hugle",
            "organization_id": "b531d4ac-5cf0-42c2-b361-8d17b5c6de49",
            "project_id": "432b9225-791b-449f-ad8f-dfbd99353d36",
            "server_id": "",
            "size_in_gb": 10,
            "tags": null,
            "timeouts": null,
            "type": "l_ssd",
            "zone": "nl-ams-1"
          },
          "sensitive_attributes": [],
          "private": "eyJlMmJmYjczMC1lY2FhLTExZTYtOGY4OC0zNDM2M2JjN2M0YzAiOnsiY3JlYXRlIjo2MDAwMDAwMDAwMDAsImRlZmF1bHQiOjYwMDAwMDAwMDAwMCwiZGVsZXRlIjo2MDAwMDAwMDAwMDAsInJlYWQiOjYwMDAwMDAwMDAwMCwidXBkYXRlIjo2MDAwMDAwMDAwMDB9fQ=="
        }
      ]
    }
  ],
  "check_results": null
}
